<?xml version="1.0" encoding="utf-8"?>
<Project ToolsVersion="4.0" xmlns="http://schemas.microsoft.com/developer/msbuild/2003">
  <ItemGroup>
    <Filter Include="Source Files">
      <UniqueIdentifier>{4FC737F1-C7A5-4376-A066-2A32D752A2FF}</UniqueIdentifier>
      <Extensions>cpp;c;cc;cxx;c++;cppm;ixx;def;odl;idl;hpj;bat;asm;asmx</Extensions>
    </Filter>
    <Filter Include="Header Files">
      <UniqueIdentifier>{93995380-89BD-4b04-88EB-625FBE52EBFB}</UniqueIdentifier>
      <Extensions>h;hh;hpp;hxx;h++;hm;inl;inc;ipp;xsd</Extensions>
    </Filter>
    <Filter Include="Resource Files">
      <UniqueIdentifier>{67DA6AB6-F800-4c08-8B7A-83BB121AAD01}</UniqueIdentifier>
      <Extensions>rc;ico;cur;bmp;dlg;rc2;rct;bin;rgs;gif;jpg;jpeg;jpe;resx;tiff;tif;png;wav;mfcribbon-ms</Extensions>
    </Filter>
    <Filter Include="Header Files\Enemies">
      <UniqueIdentifier>{6a218b2d-9e1d-4951-9e5e-0e17bec0cf91}</UniqueIdentifier>
    </Filter>
    <Filter Include="Header Files\Components">
      <UniqueIdentifier>{ad888b3e-de2f-463e-9c6e-b1fd41a62d3c}</UniqueIdentifier>
    </Filter>
    <Filter Include="Header Files\Guns">
      <UniqueIdentifier>{445af03c-2e66-4810-a80a-3b1b917c1a41}</UniqueIdentifier>
    </Filter>
    <Filter Include="Resource Files\Functions">
      <UniqueIdentifier>{5cc21daf-9b4d-4854-8109-59c2991e0454}</UniqueIdentifier>
    </Filter>
    <Filter Include="Resource Files\Base Classes">
      <UniqueIdentifier>{07e33e21-abd2-471e-9a95-927d8d3085ab}</UniqueIdentifier>
    </Filter>
    <Filter Include="Header Files\Knives">
      <UniqueIdentifier>{1253778b-7738-45dc-9125-718185e034eb}</UniqueIdentifier>
    </Filter>
  </ItemGroup>
  <ItemGroup>
    <ClCompile Include="main.cpp">
      <Filter>Source Files</Filter>
    </ClCompile>
    <ClCompile Include="PlayerModelFacingComponent.h">
      <Filter>Header Files\Components</Filter>
    </ClCompile>
  </ItemGroup>
  <ItemGroup>
    <ClInclude Include="Player.h">
      <Filter>Header Files</Filter>
    </ClInclude>
    <ClInclude Include="Game.h">
      <Filter>Header Files</Filter>
    </ClInclude>
    <ClInclude Include="KeyboardInputComponent.h">
      <Filter>Header Files\Components</Filter>
    </ClInclude>
    <ClInclude Include="ScreenBounder.h">
      <Filter>Header Files\Components</Filter>
    </ClInclude>
    <ClInclude Include="Entity.h">
      <Filter>Resource Files\Base Classes</Filter>
    </ClInclude>
    <ClInclude Include="BaseComponent.h">
      <Filter>Resource Files\Base Classes</Filter>
    </ClInclude>
    <ClInclude Include="VecMath.h">
      <Filter>Resource Files\Functions</Filter>
    </ClInclude>
    <ClInclude Include="BaseFacingComponent.h">
      <Filter>Resource Files\Base Classes</Filter>
    </ClInclude>
    <ClInclude Include="BaseWeapon.h">
      <Filter>Resource Files\Base Classes</Filter>
    </ClInclude>
    <ClInclude Include="BaseGun.h">
      <Filter>Resource Files\Base Classes</Filter>
    </ClInclude>
    <ClInclude Include="BaseMelee.h">
      <Filter>Resource Files\Base Classes</Filter>
    </ClInclude>
    <ClInclude Include="Definitions.h">
      <Filter>Resource Files\Functions</Filter>
    </ClInclude>
  </ItemGroup>
</Project>